
Microsoft Visual Studio Solution File, Format Version 12.00
# Visual Studio Version 17
VisualStudioVersion = 17.5.002.0
MinimumVisualStudioVersion = 10.0.40219.1
Project("{9A19103F-16F7-4668-BE54-9A1E7A4F7556}") = "frontend", "frontend\frontend.csproj", "{814E2BDF-43F9-4231-B30D-949CF2CACE0B}"
EndProject
Project("{9A19103F-16F7-4668-BE54-9A1E7A4F7556}") = "Admin", "Admin\Admin.csproj", "{3A210BBA-FB8D-4496-AB04-7A52ECF70C74}"
EndProject
Project("{FAE04EC0-301F-11D3-BF4B-00C04F79EFBC}") = "DataLayer", "DataLayer\DataLayer.csproj", "{3FC35F50-674B-4A77-A915-7E1E88F5F7E5}"
EndProject
Project("{FAE04EC0-301F-11D3-BF4B-00C04F79EFBC}") = "BusinessLogic", "BusinessLogic\BusinessLogic.csproj", "{C8A05670-3B30-4ECA-B7D5-63577AC81D2C}"
EndProject
Global
	GlobalSection(SolutionConfigurationPlatforms) = preSolution
		Debug|Any CPU = Debug|Any CPU
		Release|Any CPU = Release|Any CPU
	EndGlobalSection
	GlobalSection(ProjectConfigurationPlatforms) = postSolution
		{814E2BDF-43F9-4231-B30D-949CF2CACE0B}.Debug|Any CPU.ActiveCfg = Debug|Any CPU
		{814E2BDF-43F9-4231-B30D-949CF2CACE0B}.Debug|Any CPU.Build.0 = Debug|Any CPU
		{814E2BDF-43F9-4231-B30D-949CF2CACE0B}.Release|Any CPU.ActiveCfg = Release|Any CPU
		{814E2BDF-43F9-4231-B30D-949CF2CACE0B}.Release|Any CPU.Build.0 = Release|Any CPU
		{3A210BBA-FB8D-4496-AB04-7A52ECF70C74}.Debug|Any CPU.ActiveCfg = Debug|Any CPU
		{3A210BBA-FB8D-4496-AB04-7A52ECF70C74}.Debug|Any CPU.Build.0 = Debug|Any CPU
		{3A210BBA-FB8D-4496-AB04-7A52ECF70C74}.Release|Any CPU.ActiveCfg = Release|Any CPU
		{3A210BBA-FB8D-4496-AB04-7A52ECF70C74}.Release|Any CPU.Build.0 = Release|Any CPU
		{3FC35F50-674B-4A77-A915-7E1E88F5F7E5}.Debug|Any CPU.ActiveCfg = Debug|Any CPU
		{3FC35F50-674B-4A77-A915-7E1E88F5F7E5}.Debug|Any CPU.Build.0 = Debug|Any CPU
		{3FC35F50-674B-4A77-A915-7E1E88F5F7E5}.Release|Any CPU.ActiveCfg = Release|Any CPU
		{3FC35F50-674B-4A77-A915-7E1E88F5F7E5}.Release|Any CPU.Build.0 = Release|Any CPU
		{C8A05670-3B30-4ECA-B7D5-63577AC81D2C}.Debug|Any CPU.ActiveCfg = Debug|Any CPU
		{C8A05670-3B30-4ECA-B7D5-63577AC81D2C}.Debug|Any CPU.Build.0 = Debug|Any CPU
		{C8A05670-3B30-4ECA-B7D5-63577AC81D2C}.Release|Any CPU.ActiveCfg = Release|Any CPU
		{C8A05670-3B30-4ECA-B7D5-63577AC81D2C}.Release|Any CPU.Build.0 = Release|Any CPU
	EndGlobalSection
	GlobalSection(SolutionProperties) = preSolution
		HideSolutionNode = FALSE
	EndGlobalSection
	GlobalSection(ExtensibilityGlobals) = postSolution
		SolutionGuid = {F44F93AD-0B9A-4FDD-9DAF-CD51108DFCFD}
	EndGlobalSection
EndGlobal
